<?xml version="1.0" encoding="utf-8"?>
<Project ToolsVersion="4.0" xmlns="http://schemas.microsoft.com/developer/msbuild/2003">
  <ItemGroup>
    <Filter Include="源文件">
      <UniqueIdentifier>{4FC737F1-C7A5-4376-A066-2A32D752A2FF}</UniqueIdentifier>
      <Extensions>cpp;c;cc;cxx;def;odl;idl;hpj;bat;asm;asmx</Extensions>
    </Filter>
    <Filter Include="头文件">
      <UniqueIdentifier>{93995380-89BD-4b04-88EB-625FBE52EBFB}</UniqueIdentifier>
      <Extensions>h;hh;hpp;hxx;hm;inl;inc;xsd</Extensions>
    </Filter>
    <Filter Include="资源文件">
      <UniqueIdentifier>{67DA6AB6-F800-4c08-8B7A-83BB121AAD01}</UniqueIdentifier>
      <Extensions>rc;ico;cur;bmp;dlg;rc2;rct;bin;rgs;gif;jpg;jpeg;jpe;resx;tiff;tif;png;wav;mfcribbon-ms</Extensions>
    </Filter>
    <Filter Include="源文件\TestCase">
      <UniqueIdentifier>{1fc532bf-d209-4f40-82b6-231f05462494}</UniqueIdentifier>
    </Filter>
    <Filter Include="头文件\Camera">
      <UniqueIdentifier>{c5a09965-eab0-4c2f-9979-b23f03cbc3ac}</UniqueIdentifier>
    </Filter>
    <Filter Include="头文件\Shader">
      <UniqueIdentifier>{f3ca465a-36bc-4bab-9cdc-f5e7ae8cbb07}</UniqueIdentifier>
    </Filter>
    <Filter Include="头文件\Model">
      <UniqueIdentifier>{d47af60d-033d-4484-9274-1879147f9d7e}</UniqueIdentifier>
    </Filter>
  </ItemGroup>
  <ItemGroup>
    <ClCompile Include="TestGame.cpp">
      <Filter>源文件\TestCase</Filter>
    </ClCompile>
    <ClCompile Include="Display.cpp">
      <Filter>源文件</Filter>
    </ClCompile>
    <ClCompile Include="Entity.cpp">
      <Filter>源文件</Filter>
    </ClCompile>
    <ClCompile Include="Loader.cpp">
      <Filter>源文件</Filter>
    </ClCompile>
    <ClCompile Include="ModelTexture.cpp">
      <Filter>源文件</Filter>
    </ClCompile>
    <ClCompile Include="RawModel.cpp">
      <Filter>源文件</Filter>
    </ClCompile>
    <ClCompile Include="Renderer.cpp">
      <Filter>源文件</Filter>
    </ClCompile>
    <ClCompile Include="ShaderProgram.cpp">
      <Filter>源文件</Filter>
    </ClCompile>
    <ClCompile Include="StaticShaderProgram.cpp">
      <Filter>源文件</Filter>
    </ClCompile>
    <ClCompile Include="TexturedModel.cpp">
      <Filter>源文件</Filter>
    </ClCompile>
    <ClCompile Include="Camera.cpp">
      <Filter>源文件</Filter>
    </ClCompile>
  </ItemGroup>
  <ItemGroup>
    <ClInclude Include="Display.h">
      <Filter>头文件</Filter>
    </ClInclude>
    <ClInclude Include="OpenGLHeader.h">
      <Filter>头文件</Filter>
    </ClInclude>
    <ClInclude Include="Renderer.h">
      <Filter>头文件</Filter>
    </ClInclude>
    <ClInclude Include="Camera.h">
      <Filter>头文件\Camera</Filter>
    </ClInclude>
    <ClInclude Include="ShaderProgram.h">
      <Filter>头文件\Shader</Filter>
    </ClInclude>
    <ClInclude Include="StaticShaderProgram.h">
      <Filter>头文件\Shader</Filter>
    </ClInclude>
    <ClInclude Include="Entity.h">
      <Filter>头文件\Model</Filter>
    </ClInclude>
    <ClInclude Include="Loader.h">
      <Filter>头文件\Model</Filter>
    </ClInclude>
    <ClInclude Include="ModelTexture.h">
      <Filter>头文件\Model</Filter>
    </ClInclude>
    <ClInclude Include="RawModel.h">
      <Filter>头文件\Model</Filter>
    </ClInclude>
    <ClInclude Include="TexturedModel.h">
      <Filter>头文件\Model</Filter>
    </ClInclude>
  </ItemGroup>
</Project>